
Microsoft Visual Studio Solution File, Format Version 12.00
Project("{FAE04EC0-301F-11D3-BF4B-00C04F79EFBC}") = "Egor_Population", "Egor_Population\Egor_Population.csproj", "{E582D995-2B0C-4C61-8EB6-2545775641A8}"
EndProject
Global
	GlobalSection(SolutionConfigurationPlatforms) = preSolution
		Debug|Any CPU = Debug|Any CPU
		Release|Any CPU = Release|Any CPU
	EndGlobalSection
	GlobalSection(ProjectConfigurationPlatforms) = postSolution
		{E582D995-2B0C-4C61-8EB6-2545775641A8}.Debug|Any CPU.ActiveCfg = Debug|Any CPU
		{E582D995-2B0C-4C61-8EB6-2545775641A8}.Debug|Any CPU.Build.0 = Debug|Any CPU
		{E582D995-2B0C-4C61-8EB6-2545775641A8}.Release|Any CPU.ActiveCfg = Release|Any CPU
		{E582D995-2B0C-4C61-8EB6-2545775641A8}.Release|Any CPU.Build.0 = Release|Any CPU
	EndGlobalSection
EndGlobal
